// !$*UTF8*$!
{
	archiveVersion = 1;
	classes = {
	};
	objectVersion = 55;
	objects = {

/* Begin PBXBuildFile section */
		F72BA28027E1B66F0052AFE0 /* AppleMarketingDemoApp.swift in Sources */ = {isa = PBXBuildFile; fileRef = F72BA27F27E1B66F0052AFE0 /* AppleMarketingDemoApp.swift */; };
		F72BA28227E1B66F0052AFE0 /* ContentView.swift in Sources */ = {isa = PBXBuildFile; fileRef = F72BA28127E1B66F0052AFE0 /* ContentView.swift */; };
		F72BA28427E1B6720052AFE0 /* Assets.xcassets in Resources */ = {isa = PBXBuildFile; fileRef = F72BA28327E1B6720052AFE0 /* Assets.xcassets */; };
		F72BA28727E1B6720052AFE0 /* Preview Assets.xcassets in Resources */ = {isa = PBXBuildFile; fileRef = F72BA28627E1B6720052AFE0 /* Preview Assets.xcassets */; };
		F72BA29327E1B9250052AFE0 /* HttpClient.swift in Sources */ = {isa = PBXBuildFile; fileRef = F72BA29227E1B9250052AFE0 /* HttpClient.swift */; };
		F72BA29527E1B9530052AFE0 /* Session.swift in Sources */ = {isa = PBXBuildFile; fileRef = F72BA29427E1B9530052AFE0 /* Session.swift */; };
		F72BA29727E1B98B0052AFE0 /* AMTError.swift in Sources */ = {isa = PBXBuildFile; fileRef = F72BA29627E1B98B0052AFE0 /* AMTError.swift */; };
		F72BA29927E1BA1A0052AFE0 /* AMTService.swift in Sources */ = {isa = PBXBuildFile; fileRef = F72BA29827E1BA1A0052AFE0 /* AMTService.swift */; };
		F72BA29C27E1BC240052AFE0 /* Feed.swift in Sources */ = {isa = PBXBuildFile; fileRef = F72BA29B27E1BC240052AFE0 /* Feed.swift */; };
		F72BA29E27E1BD920052AFE0 /* URL + ext.swift in Sources */ = {isa = PBXBuildFile; fileRef = F72BA29D27E1BD920052AFE0 /* URL + ext.swift */; };
		F72BA2A027E1BEB90052AFE0 /* AMTParser.swift in Sources */ = {isa = PBXBuildFile; fileRef = F72BA29F27E1BEB90052AFE0 /* AMTParser.swift */; };
		F72BA2A227E1EA720052AFE0 /* AlbumListView.swift in Sources */ = {isa = PBXBuildFile; fileRef = F72BA2A127E1EA720052AFE0 /* AlbumListView.swift */; };
		F72BA2A427E1EB8F0052AFE0 /* AlbumListViewModel.swift in Sources */ = {isa = PBXBuildFile; fileRef = F72BA2A327E1EB8F0052AFE0 /* AlbumListViewModel.swift */; };
/* End PBXBuildFile section */

/* Begin PBXFileReference section */
		F72BA27C27E1B66F0052AFE0 /* AppleMarketingDemo.app */ = {isa = PBXFileReference; explicitFileType = wrapper.application; includeInIndex = 0; path = AppleMarketingDemo.app; sourceTree = BUILT_PRODUCTS_DIR; };
		F72BA27F27E1B66F0052AFE0 /* AppleMarketingDemoApp.swift */ = {isa = PBXFileReference; lastKnownFileType = sourcecode.swift; path = AppleMarketingDemoApp.swift; sourceTree = "<group>"; };
		F72BA28127E1B66F0052AFE0 /* ContentView.swift */ = {isa = PBXFileReference; lastKnownFileType = sourcecode.swift; path = ContentView.swift; sourceTree = "<group>"; };
		F72BA28327E1B6720052AFE0 /* Assets.xcassets */ = {isa = PBXFileReference; lastKnownFileType = folder.assetcatalog; path = Assets.xcassets; sourceTree = "<group>"; };
		F72BA28627E1B6720052AFE0 /* Preview Assets.xcassets */ = {isa = PBXFileReference; lastKnownFileType = folder.assetcatalog; path = "Preview Assets.xcassets"; sourceTree = "<group>"; };
		F72BA29227E1B9250052AFE0 /* HttpClient.swift */ = {isa = PBXFileReference; lastKnownFileType = sourcecode.swift; path = HttpClient.swift; sourceTree = "<group>"; };
		F72BA29427E1B9530052AFE0 /* Session.swift */ = {isa = PBXFileReference; lastKnownFileType = sourcecode.swift; path = Session.swift; sourceTree = "<group>"; };
		F72BA29627E1B98B0052AFE0 /* AMTError.swift */ = {isa = PBXFileReference; lastKnownFileType = sourcecode.swift; path = AMTError.swift; sourceTree = "<group>"; };
		F72BA29827E1BA1A0052AFE0 /* AMTService.swift */ = {isa = PBXFileReference; lastKnownFileType = sourcecode.swift; path = AMTService.swift; sourceTree = "<group>"; };
		F72BA29B27E1BC240052AFE0 /* Feed.swift */ = {isa = PBXFileReference; lastKnownFileType = sourcecode.swift; path = Feed.swift; sourceTree = "<group>"; };
		F72BA29D27E1BD920052AFE0 /* URL + ext.swift */ = {isa = PBXFileReference; lastKnownFileType = sourcecode.swift; path = "URL + ext.swift"; sourceTree = "<group>"; };
		F72BA29F27E1BEB90052AFE0 /* AMTParser.swift */ = {isa = PBXFileReference; lastKnownFileType = sourcecode.swift; path = AMTParser.swift; sourceTree = "<group>"; };
		F72BA2A127E1EA720052AFE0 /* AlbumListView.swift */ = {isa = PBXFileReference; lastKnownFileType = sourcecode.swift; path = AlbumListView.swift; sourceTree = "<group>"; };
		F72BA2A327E1EB8F0052AFE0 /* AlbumListViewModel.swift */ = {isa = PBXFileReference; lastKnownFileType = sourcecode.swift; path = AlbumListViewModel.swift; sourceTree = "<group>"; };
/* End PBXFileReference section */

/* Begin PBXFrameworksBuildPhase section */
		F72BA27927E1B66F0052AFE0 /* Frameworks */ = {
			isa = PBXFrameworksBuildPhase;
			buildActionMask = 2147483647;
			files = (
			);
			runOnlyForDeploymentPostprocessing = 0;
		};
/* End PBXFrameworksBuildPhase section */

/* Begin PBXGroup section */
		F72BA27327E1B66F0052AFE0 = {
			isa = PBXGroup;
			children = (
				F72BA27E27E1B66F0052AFE0 /* AppleMarketingDemo */,
				F72BA27D27E1B66F0052AFE0 /* Products */,
			);
			sourceTree = "<group>";
		};
		F72BA27D27E1B66F0052AFE0 /* Products */ = {
			isa = PBXGroup;
			children = (
				F72BA27C27E1B66F0052AFE0 /* AppleMarketingDemo.app */,
			);
			name = Products;
			sourceTree = "<group>";
		};
		F72BA27E27E1B66F0052AFE0 /* AppleMarketingDemo */ = {
			isa = PBXGroup;
			children = (
				F72BA29027E1B6B50052AFE0 /* App */,
				F72BA29127E1B9060052AFE0 /* Services */,
				F72BA28F27E1B6AA0052AFE0 /* Models */,
				F72BA28E27E1B6A00052AFE0 /* ViewModels */,
				F72BA28D27E1B6850052AFE0 /* Views */,
			);
			path = AppleMarketingDemo;
			sourceTree = "<group>";
		};
		F72BA28527E1B6720052AFE0 /* Preview Content */ = {
			isa = PBXGroup;
			children = (
				F72BA28627E1B6720052AFE0 /* Preview Assets.xcassets */,
			);
			path = "Preview Content";
			sourceTree = "<group>";
		};
		F72BA28D27E1B6850052AFE0 /* Views */ = {
			isa = PBXGroup;
			children = (
				F72BA28127E1B66F0052AFE0 /* ContentView.swift */,
				F72BA2A127E1EA720052AFE0 /* AlbumListView.swift */,
			);
			path = Views;
			sourceTree = "<group>";
		};
		F72BA28E27E1B6A00052AFE0 /* ViewModels */ = {
			isa = PBXGroup;
			children = (
				F72BA2A327E1EB8F0052AFE0 /* AlbumListViewModel.swift */,
			);
			path = ViewModels;
			sourceTree = "<group>";
		};
		F72BA28F27E1B6AA0052AFE0 /* Models */ = {
			isa = PBXGroup;
			children = (
				F72BA29B27E1BC240052AFE0 /* Feed.swift */,
			);
			path = Models;
			sourceTree = "<group>";
		};
		F72BA29027E1B6B50052AFE0 /* App */ = {
			isa = PBXGroup;
			children = (
				F72BA27F27E1B66F0052AFE0 /* AppleMarketingDemoApp.swift */,
				F72BA28327E1B6720052AFE0 /* Assets.xcassets */,
				F72BA28527E1B6720052AFE0 /* Preview Content */,
			);
			name = App;
			sourceTree = "<group>";
		};
		F72BA29127E1B9060052AFE0 /* Services */ = {
			isa = PBXGroup;
			children = (
				F72BA29A27E1BA260052AFE0 /* Api */,
				F72BA29D27E1BD920052AFE0 /* URL + ext.swift */,
				F72BA29F27E1BEB90052AFE0 /* AMTParser.swift */,
				F72BA29627E1B98B0052AFE0 /* AMTError.swift */,
				F72BA29827E1BA1A0052AFE0 /* AMTService.swift */,
			);
			path = Services;
			sourceTree = "<group>";
		};
		F72BA29A27E1BA260052AFE0 /* Api */ = {
			isa = PBXGroup;
			children = (
				F72BA29227E1B9250052AFE0 /* HttpClient.swift */,
				F72BA29427E1B9530052AFE0 /* Session.swift */,
			);
			path = Api;
			sourceTree = "<group>";
		};
/* End PBXGroup section */

/* Begin PBXNativeTarget section */
		F72BA27B27E1B66F0052AFE0 /* AppleMarketingDemo */ = {
			isa = PBXNativeTarget;
			buildConfigurationList = F72BA28A27E1B6720052AFE0 /* Build configuration list for PBXNativeTarget "AppleMarketingDemo" */;
			buildPhases = (
				F72BA27827E1B66F0052AFE0 /* Sources */,
				F72BA27927E1B66F0052AFE0 /* Frameworks */,
				F72BA27A27E1B66F0052AFE0 /* Resources */,
			);
			buildRules = (
			);
			dependencies = (
			);
			name = AppleMarketingDemo;
			productName = AppleMarketingDemo;
			productReference = F72BA27C27E1B66F0052AFE0 /* AppleMarketingDemo.app */;
			productType = "com.apple.product-type.application";
		};
/* End PBXNativeTarget section */

/* Begin PBXProject section */
		F72BA27427E1B66F0052AFE0 /* Project object */ = {
			isa = PBXProject;
			attributes = {
				BuildIndependentTargetsInParallel = 1;
				LastSwiftUpdateCheck = 1320;
				LastUpgradeCheck = 1320;
				TargetAttributes = {
					F72BA27B27E1B66F0052AFE0 = {
						CreatedOnToolsVersion = 13.2.1;
					};
				};
			};
			buildConfigurationList = F72BA27727E1B66F0052AFE0 /* Build configuration list for PBXProject "AppleMarketingDemo" */;
			compatibilityVersion = "Xcode 13.0";
			developmentRegion = en;
			hasScannedForEncodings = 0;
			knownRegions = (
				en,
				Base,
			);
			mainGroup = F72BA27327E1B66F0052AFE0;
			productRefGroup = F72BA27D27E1B66F0052AFE0 /* Products */;
			projectDirPath = "";
			projectRoot = "";
			targets = (
				F72BA27B27E1B66F0052AFE0 /* AppleMarketingDemo */,
			);
		};
/* End PBXProject section */

/* Begin PBXResourcesBuildPhase section */
		F72BA27A27E1B66F0052AFE0 /* Resources */ = {
			isa = PBXResourcesBuildPhase;
			buildActionMask = 2147483647;
			files = (
				F72BA28727E1B6720052AFE0 /* Preview Assets.xcassets in Resources */,
				F72BA28427E1B6720052AFE0 /* Assets.xcassets in Resources */,
			);
			runOnlyForDeploymentPostprocessing = 0;
		};
/* End PBXResourcesBuildPhase section */

/* Begin PBXSourcesBuildPhase section */
		F72BA27827E1B66F0052AFE0 /* Sources */ = {
			isa = PBXSourcesBuildPhase;
			buildActionMask = 2147483647;
			files = (
				F72BA29527E1B9530052AFE0 /* Session.swift in Sources */,
				F72BA2A427E1EB8F0052AFE0 /* AlbumListViewModel.swift in Sources */,
				F72BA29E27E1BD920052AFE0 /* URL + ext.swift in Sources */,
				F72BA29927E1BA1A0052AFE0 /* AMTService.swift in Sources */,
				F72BA29327E1B9250052AFE0 /* HttpClient.swift in Sources */,
				F72BA2A227E1EA720052AFE0 /* AlbumListView.swift in Sources */,
				F72BA29C27E1BC240052AFE0 /* Feed.swift in Sources */,
				F72BA28227E1B66F0052AFE0 /* ContentView.swift in Sources */,
				F72BA28027E1B66F0052AFE0 /* AppleMarketingDemoApp.swift in Sources */,
				F72BA2A027E1BEB90052AFE0 /* AMTParser.swift in Sources */,
				F72BA29727E1B98B0052AFE0 /* AMTError.swift in Sources */,
			);
			runOnlyForDeploymentPostprocessing = 0;
		};
/* End PBXSourcesBuildPhase section */

/* Begin XCBuildConfiguration section */
		F72BA28827E1B6720052AFE0 /* Debug */ = {
			isa = XCBuildConfiguration;
			buildSettings = {
				ALWAYS_SEARCH_USER_PATHS = NO;
				CLANG_ANALYZER_NONNULL = YES;
				CLANG_ANALYZER_NUMBER_OBJECT_CONVERSION = YES_AGGRESSIVE;
				CLANG_CXX_LANGUAGE_STANDARD = "gnu++17";
				CLANG_CXX_LIBRARY = "libc++";
				CLANG_ENABLE_MODULES = YES;
				CLANG_ENABLE_OBJC_ARC = YES;
				CLANG_ENABLE_OBJC_WEAK = YES;
				CLANG_WARN_BLOCK_CAPTURE_AUTORELEASING = YES;
				CLANG_WARN_BOOL_CONVERSION = YES;
				CLANG_WARN_COMMA = YES;
				CLANG_WARN_CONSTANT_CONVERSION = YES;
				CLANG_WARN_DEPRECATED_OBJC_IMPLEMENTATIONS = YES;
				CLANG_WARN_DIRECT_OBJC_ISA_USAGE = YES_ERROR;
				CLANG_WARN_DOCUMENTATION_COMMENTS = YES;
				CLANG_WARN_EMPTY_BODY = YES;
				CLANG_WARN_ENUM_CONVERSION = YES;
				CLANG_WARN_INFINITE_RECURSION = YES;
				CLANG_WARN_INT_CONVERSION = YES;
				CLANG_WARN_NON_LITERAL_NULL_CONVERSION = YES;
				CLANG_WARN_OBJC_IMPLICIT_RETAIN_SELF = YES;
				CLANG_WARN_OBJC_LITERAL_CONVERSION = YES;
				CLANG_WARN_OBJC_ROOT_CLASS = YES_ERROR;
				CLANG_WARN_QUOTED_INCLUDE_IN_FRAMEWORK_HEADER = YES;
				CLANG_WARN_RANGE_LOOP_ANALYSIS = YES;
				CLANG_WARN_STRICT_PROTOTYPES = YES;
				CLANG_WARN_SUSPICIOUS_MOVE = YES;
				CLANG_WARN_UNGUARDED_AVAILABILITY = YES_AGGRESSIVE;
				CLANG_WARN_UNREACHABLE_CODE = YES;
				CLANG_WARN__DUPLICATE_METHOD_MATCH = YES;
				COPY_PHASE_STRIP = NO;
				DEBUG_INFORMATION_FORMAT = dwarf;
				ENABLE_STRICT_OBJC_MSGSEND = YES;
				ENABLE_TESTABILITY = YES;
				GCC_C_LANGUAGE_STANDARD = gnu11;
				GCC_DYNAMIC_NO_PIC = NO;
				GCC_NO_COMMON_BLOCKS = YES;
				GCC_OPTIMIZATION_LEVEL = 0;
				GCC_PREPROCESSOR_DEFINITIONS = (
					"DEBUG=1",
					"$(inherited)",
				);
				GCC_WARN_64_TO_32_BIT_CONVERSION = YES;
				GCC_WARN_ABOUT_RETURN_TYPE = YES_ERROR;
				GCC_WARN_UNDECLARED_SELECTOR = YES;
				GCC_WARN_UNINITIALIZED_AUTOS = YES_AGGRESSIVE;
				GCC_WARN_UNUSED_FUNCTION = YES;
				GCC_WARN_UNUSED_VARIABLE = YES;
				IPHONEOS_DEPLOYMENT_TARGET = 15.2;
				MTL_ENABLE_DEBUG_INFO = INCLUDE_SOURCE;
				MTL_FAST_MATH = YES;
				ONLY_ACTIVE_ARCH = YES;
				SDKROOT = iphoneos;
				SWIFT_ACTIVE_COMPILATION_CONDITIONS = DEBUG;
				SWIFT_OPTIMIZATION_LEVEL = "-Onone";
			};
			name = Debug;
		};
		F72BA28927E1B6720052AFE0 /* Release */ = {
			isa = XCBuildConfiguration;
			buildSettings = {
				ALWAYS_SEARCH_USER_PATHS = NO;
				CLANG_ANALYZER_NONNULL = YES;
				CLANG_ANALYZER_NUMBER_OBJECT_CONVERSION = YES_AGGRESSIVE;
				CLANG_CXX_LANGUAGE_STANDARD = "gnu++17";
				CLANG_CXX_LIBRARY = "libc++";
				CLANG_ENABLE_MODULES = YES;
				CLANG_ENABLE_OBJC_ARC = YES;
				CLANG_ENABLE_OBJC_WEAK = YES;
				CLANG_WARN_BLOCK_CAPTURE_AUTORELEASING = YES;
				CLANG_WARN_BOOL_CONVERSION = YES;
				CLANG_WARN_COMMA = YES;
				CLANG_WARN_CONSTANT_CONVERSION = YES;
				CLANG_WARN_DEPRECATED_OBJC_IMPLEMENTATIONS = YES;
				CLANG_WARN_DIRECT_OBJC_ISA_USAGE = YES_ERROR;
				CLANG_WARN_DOCUMENTATION_COMMENTS = YES;
				CLANG_WARN_EMPTY_BODY = YES;
				CLANG_WARN_ENUM_CONVERSION = YES;
				CLANG_WARN_INFINITE_RECURSION = YES;
				CLANG_WARN_INT_CONVERSION = YES;
				CLANG_WARN_NON_LITERAL_NULL_CONVERSION = YES;
				CLANG_WARN_OBJC_IMPLICIT_RETAIN_SELF = YES;
				CLANG_WARN_OBJC_LITERAL_CONVERSION = YES;
				CLANG_WARN_OBJC_ROOT_CLASS = YES_ERROR;
				CLANG_WARN_QUOTED_INCLUDE_IN_FRAMEWORK_HEADER = YES;
				CLANG_WARN_RANGE_LOOP_ANALYSIS = YES;
				CLANG_WARN_STRICT_PROTOTYPES = YES;
				CLANG_WARN_SUSPICIOUS_MOVE = YES;
				CLANG_WARN_UNGUARDED_AVAILABILITY = YES_AGGRESSIVE;
				CLANG_WARN_UNREACHABLE_CODE = YES;
				CLANG_WARN__DUPLICATE_METHOD_MATCH = YES;
				COPY_PHASE_STRIP = NO;
				DEBUG_INFORMATION_FORMAT = "dwarf-with-dsym";
				ENABLE_NS_ASSERTIONS = NO;
				ENABLE_STRICT_OBJC_MSGSEND = YES;
				GCC_C_LANGUAGE_STANDARD = gnu11;
				GCC_NO_COMMON_BLOCKS = YES;
				GCC_WARN_64_TO_32_BIT_CONVERSION = YES;
				GCC_WARN_ABOUT_RETURN_TYPE = YES_ERROR;
				GCC_WARN_UNDECLARED_SELECTOR = YES;
				GCC_WARN_UNINITIALIZED_AUTOS = YES_AGGRESSIVE;
				GCC_WARN_UNUSED_FUNCTION = YES;
				GCC_WARN_UNUSED_VARIABLE = YES;
				IPHONEOS_DEPLOYMENT_TARGET = 15.2;
				MTL_ENABLE_DEBUG_INFO = NO;
				MTL_FAST_MATH = YES;
				SDKROOT = iphoneos;
				SWIFT_COMPILATION_MODE = wholemodule;
				SWIFT_OPTIMIZATION_LEVEL = "-O";
				VALIDATE_PRODUCT = YES;
			};
			name = Release;
		};
		F72BA28B27E1B6720052AFE0 /* Debug */ = {
			isa = XCBuildConfiguration;
			buildSettings = {
				ASSETCATALOG_COMPILER_APPICON_NAME = AppIcon;
				ASSETCATALOG_COMPILER_GLOBAL_ACCENT_COLOR_NAME = AccentColor;
				CODE_SIGN_STYLE = Automatic;
				CURRENT_PROJECT_VERSION = 1;
				DEVELOPMENT_ASSET_PATHS = "\"AppleMarketingDemo/Preview Content\"";
				DEVELOPMENT_TEAM = 85373584HZ;
				ENABLE_PREVIEWS = YES;
				GENERATE_INFOPLIST_FILE = YES;
				INFOPLIST_KEY_UIApplicationSceneManifest_Generation = YES;
				INFOPLIST_KEY_UIApplicationSupportsIndirectInputEvents = YES;
				INFOPLIST_KEY_UILaunchScreen_Generation = YES;
				INFOPLIST_KEY_UISupportedInterfaceOrientations_iPad = "UIInterfaceOrientationPortrait UIInterfaceOrientationPortraitUpsideDown UIInterfaceOrientationLandscapeLeft UIInterfaceOrientationLandscapeRight";
				INFOPLIST_KEY_UISupportedInterfaceOrientations_iPhone = "UIInterfaceOrientationPortrait UIInterfaceOrientationLandscapeLeft UIInterfaceOrientationLandscapeRight";
				LD_RUNPATH_SEARCH_PATHS = (
					"$(inherited)",
					"@executable_path/Frameworks",
				);
				MARKETING_VERSION = 1.0;
				PRODUCT_BUNDLE_IDENTIFIER = com.gokhanmutlu.example.AppleMarketingDemo;
				PRODUCT_NAME = "$(TARGET_NAME)";
				SWIFT_EMIT_LOC_STRINGS = YES;
				SWIFT_VERSION = 5.0;
				TARGETED_DEVICE_FAMILY = "1,2";
			};
			name = Debug;
		};
		F72BA28C27E1B6720052AFE0 /* Release */ = {
			isa = XCBuildConfiguration;
			buildSettings = {
				ASSETCATALOG_COMPILER_APPICON_NAME = AppIcon;
				ASSETCATALOG_COMPILER_GLOBAL_ACCENT_COLOR_NAME = AccentColor;
				CODE_SIGN_STYLE = Automatic;
				CURRENT_PROJECT_VERSION = 1;
				DEVELOPMENT_ASSET_PATHS = "\"AppleMarketingDemo/Preview Content\"";
				DEVELOPMENT_TEAM = 85373584HZ;
				ENABLE_PREVIEWS = YES;
				GENERATE_INFOPLIST_FILE = YES;
				INFOPLIST_KEY_UIApplicationSceneManifest_Generation = YES;
				INFOPLIST_KEY_UIApplicationSupportsIndirectInputEvents = YES;
				INFOPLIST_KEY_UILaunchScreen_Generation = YES;
				INFOPLIST_KEY_UISupportedInterfaceOrientations_iPad = "UIInterfaceOrientationPortrait UIInterfaceOrientationPortraitUpsideDown UIInterfaceOrientationLandscapeLeft UIInterfaceOrientationLandscapeRight";
				INFOPLIST_KEY_UISupportedInterfaceOrientations_iPhone = "UIInterfaceOrientationPortrait UIInterfaceOrientationLandscapeLeft UIInterfaceOrientationLandscapeRight";
				LD_RUNPATH_SEARCH_PATHS = (
					"$(inherited)",
					"@executable_path/Frameworks",
				);
				MARKETING_VERSION = 1.0;
				PRODUCT_BUNDLE_IDENTIFIER = com.gokhanmutlu.example.AppleMarketingDemo;
				PRODUCT_NAME = "$(TARGET_NAME)";
				SWIFT_EMIT_LOC_STRINGS = YES;
				SWIFT_VERSION = 5.0;
				TARGETED_DEVICE_FAMILY = "1,2";
			};
			name = Release;
		};
/* End XCBuildConfiguration section */

/* Begin XCConfigurationList section */
		F72BA27727E1B66F0052AFE0 /* Build configuration list for PBXProject "AppleMarketingDemo" */ = {
			isa = XCConfigurationList;
			buildConfigurations = (
				F72BA28827E1B6720052AFE0 /* Debug */,
				F72BA28927E1B6720052AFE0 /* Release */,
			);
			defaultConfigurationIsVisible = 0;
			defaultConfigurationName = Release;
		};
		F72BA28A27E1B6720052AFE0 /* Build configuration list for PBXNativeTarget "AppleMarketingDemo" */ = {
			isa = XCConfigurationList;
			buildConfigurations = (
				F72BA28B27E1B6720052AFE0 /* Debug */,
				F72BA28C27E1B6720052AFE0 /* Release */,
			);
			defaultConfigurationIsVisible = 0;
			defaultConfigurationName = Release;
		};
/* End XCConfigurationList section */
	};
	rootObject = F72BA27427E1B66F0052AFE0 /* Project object */;
}
